// !$*UTF8*$!
{
	archiveVersion = 1;
	classes = {
	};
	objectVersion = 46;
	objects = {

/* Begin PBXBuildFile section */
		0D5E49E50E453B4DE80DA365 /* Pods_Socially.framework in Frameworks */ = {isa = PBXBuildFile; fileRef = 868D3F880843C0E629D3CBE5 /* Pods_Socially.framework */; };
		E7030B531E43FD7E009FF727 /* AppDelegate.swift in Sources */ = {isa = PBXBuildFile; fileRef = E7030B521E43FD7E009FF727 /* AppDelegate.swift */; };
		E7030B551E43FD7E009FF727 /* SignInVC.swift in Sources */ = {isa = PBXBuildFile; fileRef = E7030B541E43FD7E009FF727 /* SignInVC.swift */; };
		E7030B581E43FD7E009FF727 /* Main.storyboard in Resources */ = {isa = PBXBuildFile; fileRef = E7030B561E43FD7E009FF727 /* Main.storyboard */; };
		E7030B5A1E43FD7E009FF727 /* Assets.xcassets in Resources */ = {isa = PBXBuildFile; fileRef = E7030B591E43FD7E009FF727 /* Assets.xcassets */; };
		E7030B5D1E43FD7E009FF727 /* LaunchScreen.storyboard in Resources */ = {isa = PBXBuildFile; fileRef = E7030B5B1E43FD7E009FF727 /* LaunchScreen.storyboard */; };
		E7030B681E43FE20009FF727 /* GoogleService-Info.plist in Resources */ = {isa = PBXBuildFile; fileRef = E7030B671E43FE20009FF727 /* GoogleService-Info.plist */; };
		E7A266CD1E4CEC09009DB5C2 /* StyleView.swift in Sources */ = {isa = PBXBuildFile; fileRef = E7A266CC1E4CEC09009DB5C2 /* StyleView.swift */; };
		E7A266D01E4CECEB009DB5C2 /* Constants.swift in Sources */ = {isa = PBXBuildFile; fileRef = E7A266CF1E4CECEB009DB5C2 /* Constants.swift */; };
		E7A266D21E4CEEB4009DB5C2 /* StyleButton.swift in Sources */ = {isa = PBXBuildFile; fileRef = E7A266D11E4CEEB4009DB5C2 /* StyleButton.swift */; };
		E7A266D61E4CF1E4009DB5C2 /* SigninButton.swift in Sources */ = {isa = PBXBuildFile; fileRef = E7A266D51E4CF1E4009DB5C2 /* SigninButton.swift */; };
/* End PBXBuildFile section */

/* Begin PBXFileReference section */
		368EFF2F70B73B6F25854472 /* Pods-Socially.release.xcconfig */ = {isa = PBXFileReference; includeInIndex = 1; lastKnownFileType = text.xcconfig; name = "Pods-Socially.release.xcconfig"; path = "Pods/Target Support Files/Pods-Socially/Pods-Socially.release.xcconfig"; sourceTree = "<group>"; };
		868D3F880843C0E629D3CBE5 /* Pods_Socially.framework */ = {isa = PBXFileReference; explicitFileType = wrapper.framework; includeInIndex = 0; path = Pods_Socially.framework; sourceTree = BUILT_PRODUCTS_DIR; };
		C1553E12C8D473E2632443AB /* Pods-Socially.debug.xcconfig */ = {isa = PBXFileReference; includeInIndex = 1; lastKnownFileType = text.xcconfig; name = "Pods-Socially.debug.xcconfig"; path = "Pods/Target Support Files/Pods-Socially/Pods-Socially.debug.xcconfig"; sourceTree = "<group>"; };
		E7030B4F1E43FD7E009FF727 /* Socially.app */ = {isa = PBXFileReference; explicitFileType = wrapper.application; includeInIndex = 0; path = Socially.app; sourceTree = BUILT_PRODUCTS_DIR; };
		E7030B521E43FD7E009FF727 /* AppDelegate.swift */ = {isa = PBXFileReference; lastKnownFileType = sourcecode.swift; path = AppDelegate.swift; sourceTree = "<group>"; };
		E7030B541E43FD7E009FF727 /* SignInVC.swift */ = {isa = PBXFileReference; lastKnownFileType = sourcecode.swift; path = SignInVC.swift; sourceTree = "<group>"; };
		E7030B571E43FD7E009FF727 /* Base */ = {isa = PBXFileReference; lastKnownFileType = file.storyboard; name = Base; path = Base.lproj/Main.storyboard; sourceTree = "<group>"; };
		E7030B591E43FD7E009FF727 /* Assets.xcassets */ = {isa = PBXFileReference; lastKnownFileType = folder.assetcatalog; path = Assets.xcassets; sourceTree = "<group>"; };
		E7030B5C1E43FD7E009FF727 /* Base */ = {isa = PBXFileReference; lastKnownFileType = file.storyboard; name = Base; path = Base.lproj/LaunchScreen.storyboard; sourceTree = "<group>"; };
		E7030B5E1E43FD7E009FF727 /* Info.plist */ = {isa = PBXFileReference; lastKnownFileType = text.plist.xml; path = Info.plist; sourceTree = "<group>"; };
		E7030B671E43FE20009FF727 /* GoogleService-Info.plist */ = {isa = PBXFileReference; fileEncoding = 4; lastKnownFileType = text.plist.xml; path = "GoogleService-Info.plist"; sourceTree = "<group>"; };
		E7A266CC1E4CEC09009DB5C2 /* StyleView.swift */ = {isa = PBXFileReference; fileEncoding = 4; lastKnownFileType = sourcecode.swift; path = StyleView.swift; sourceTree = "<group>"; };
		E7A266CF1E4CECEB009DB5C2 /* Constants.swift */ = {isa = PBXFileReference; fileEncoding = 4; lastKnownFileType = sourcecode.swift; path = Constants.swift; sourceTree = "<group>"; };
		E7A266D11E4CEEB4009DB5C2 /* StyleButton.swift */ = {isa = PBXFileReference; fileEncoding = 4; lastKnownFileType = sourcecode.swift; path = StyleButton.swift; sourceTree = "<group>"; };
		E7A266D51E4CF1E4009DB5C2 /* SigninButton.swift */ = {isa = PBXFileReference; fileEncoding = 4; lastKnownFileType = sourcecode.swift; path = SigninButton.swift; sourceTree = "<group>"; };
/* End PBXFileReference section */

/* Begin PBXFrameworksBuildPhase section */
		E7030B4C1E43FD7E009FF727 /* Frameworks */ = {
			isa = PBXFrameworksBuildPhase;
			buildActionMask = 2147483647;
			files = (
				0D5E49E50E453B4DE80DA365 /* Pods_Socially.framework in Frameworks */,
			);
			runOnlyForDeploymentPostprocessing = 0;
		};
/* End PBXFrameworksBuildPhase section */

/* Begin PBXGroup section */
		1CDD9333BFEB11552A81300C /* Frameworks */ = {
			isa = PBXGroup;
			children = (
				868D3F880843C0E629D3CBE5 /* Pods_Socially.framework */,
			);
			name = Frameworks;
			sourceTree = "<group>";
		};
		3FF19D34A5AFCB353A9C7DCC /* Pods */ = {
			isa = PBXGroup;
			children = (
				C1553E12C8D473E2632443AB /* Pods-Socially.debug.xcconfig */,
				368EFF2F70B73B6F25854472 /* Pods-Socially.release.xcconfig */,
			);
			name = Pods;
			sourceTree = "<group>";
		};
		E7030B461E43FD7E009FF727 = {
			isa = PBXGroup;
			children = (
				E7030B511E43FD7E009FF727 /* Socially */,
				E7030B501E43FD7E009FF727 /* Products */,
				3FF19D34A5AFCB353A9C7DCC /* Pods */,
				1CDD9333BFEB11552A81300C /* Frameworks */,
			);
			sourceTree = "<group>";
		};
		E7030B501E43FD7E009FF727 /* Products */ = {
			isa = PBXGroup;
			children = (
				E7030B4F1E43FD7E009FF727 /* Socially.app */,
			);
			name = Products;
			sourceTree = "<group>";
		};
		E7030B511E43FD7E009FF727 /* Socially */ = {
			isa = PBXGroup;
			children = (
				E7A266CE1E4CECD1009DB5C2 /* Util */,
				E7030B641E43FDCB009FF727 /* Model */,
				E7030B651E43FDD2009FF727 /* View */,
				E7030B661E43FDDB009FF727 /* Controller */,
				E7030B521E43FD7E009FF727 /* AppDelegate.swift */,
				E7030B561E43FD7E009FF727 /* Main.storyboard */,
				E7030B5B1E43FD7E009FF727 /* LaunchScreen.storyboard */,
				E7030B591E43FD7E009FF727 /* Assets.xcassets */,
				E7030B5E1E43FD7E009FF727 /* Info.plist */,
				E7030B671E43FE20009FF727 /* GoogleService-Info.plist */,
			);
			path = Socially;
			sourceTree = "<group>";
		};
		E7030B641E43FDCB009FF727 /* Model */ = {
			isa = PBXGroup;
			children = (
			);
			name = Model;
			sourceTree = "<group>";
		};
		E7030B651E43FDD2009FF727 /* View */ = {
			isa = PBXGroup;
			children = (
				E7A266CC1E4CEC09009DB5C2 /* StyleView.swift */,
				E7A266D11E4CEEB4009DB5C2 /* StyleButton.swift */,
				E7A266D51E4CF1E4009DB5C2 /* SigninButton.swift */,
			);
			name = View;
			sourceTree = "<group>";
		};
		E7030B661E43FDDB009FF727 /* Controller */ = {
			isa = PBXGroup;
			children = (
				E7030B541E43FD7E009FF727 /* SignInVC.swift */,
			);
			name = Controller;
			sourceTree = "<group>";
		};
		E7A266CE1E4CECD1009DB5C2 /* Util */ = {
			isa = PBXGroup;
			children = (
				E7A266CF1E4CECEB009DB5C2 /* Constants.swift */,
			);
			name = Util;
			sourceTree = "<group>";
		};
/* End PBXGroup section */

/* Begin PBXNativeTarget section */
		E7030B4E1E43FD7E009FF727 /* Socially */ = {
			isa = PBXNativeTarget;
			buildConfigurationList = E7030B611E43FD7E009FF727 /* Build configuration list for PBXNativeTarget "Socially" */;
			buildPhases = (
				69BE6C6787D1835B8D4BBA4A /* [CP] Check Pods Manifest.lock */,
				E7030B4B1E43FD7E009FF727 /* Sources */,
				E7030B4C1E43FD7E009FF727 /* Frameworks */,
				E7030B4D1E43FD7E009FF727 /* Resources */,
				E8B5839438AF73972103EED8 /* [CP] Embed Pods Frameworks */,
				4D101FDBD78E405237BF8884 /* [CP] Copy Pods Resources */,
			);
			buildRules = (
			);
			dependencies = (
			);
			name = Socially;
			productName = Socially;
			productReference = E7030B4F1E43FD7E009FF727 /* Socially.app */;
			productType = "com.apple.product-type.application";
		};
/* End PBXNativeTarget section */

/* Begin PBXProject section */
		E7030B471E43FD7E009FF727 /* Project object */ = {
			isa = PBXProject;
			attributes = {
				LastSwiftUpdateCheck = 0800;
				LastUpgradeCheck = 0800;
				ORGANIZATIONNAME = benzsjeanfrancois;
				TargetAttributes = {
					E7030B4E1E43FD7E009FF727 = {
						CreatedOnToolsVersion = 8.0;
						ProvisioningStyle = Automatic;
					};
				};
			};
			buildConfigurationList = E7030B4A1E43FD7E009FF727 /* Build configuration list for PBXProject "Socially" */;
			compatibilityVersion = "Xcode 3.2";
			developmentRegion = English;
			hasScannedForEncodings = 0;
			knownRegions = (
				en,
				Base,
			);
			mainGroup = E7030B461E43FD7E009FF727;
			productRefGroup = E7030B501E43FD7E009FF727 /* Products */;
			projectDirPath = "";
			projectRoot = "";
			targets = (
				E7030B4E1E43FD7E009FF727 /* Socially */,
			);
		};
/* End PBXProject section */

/* Begin PBXResourcesBuildPhase section */
		E7030B4D1E43FD7E009FF727 /* Resources */ = {
			isa = PBXResourcesBuildPhase;
			buildActionMask = 2147483647;
			files = (
				E7030B5D1E43FD7E009FF727 /* LaunchScreen.storyboard in Resources */,
				E7030B681E43FE20009FF727 /* GoogleService-Info.plist in Resources */,
				E7030B5A1E43FD7E009FF727 /* Assets.xcassets in Resources */,
				E7030B581E43FD7E009FF727 /* Main.storyboard in Resources */,
			);
			runOnlyForDeploymentPostprocessing = 0;
		};
/* End PBXResourcesBuildPhase section */

/* Begin PBXShellScriptBuildPhase section */
		4D101FDBD78E405237BF8884 /* [CP] Copy Pods Resources */ = {
			isa = PBXShellScriptBuildPhase;
			buildActionMask = 2147483647;
			files = (
			);
			inputPaths = (
			);
			name = "[CP] Copy Pods Resources";
			outputPaths = (
			);
			runOnlyForDeploymentPostprocessing = 0;
			shellPath = /bin/sh;
			shellScript = "\"${SRCROOT}/Pods/Target Support Files/Pods-Socially/Pods-Socially-resources.sh\"\n";
			showEnvVarsInLog = 0;
		};
		69BE6C6787D1835B8D4BBA4A /* [CP] Check Pods Manifest.lock */ = {
			isa = PBXShellScriptBuildPhase;
			buildActionMask = 2147483647;
			files = (
			);
			inputPaths = (
			);
			name = "[CP] Check Pods Manifest.lock";
			outputPaths = (
			);
			runOnlyForDeploymentPostprocessing = 0;
			shellPath = /bin/sh;
			shellScript = "diff \"${PODS_ROOT}/../Podfile.lock\" \"${PODS_ROOT}/Manifest.lock\" > /dev/null\nif [ $? != 0 ] ; then\n    # print error to STDERR\n    echo \"error: The sandbox is not in sync with the Podfile.lock. Run 'pod install' or update your CocoaPods installation.\" >&2\n    exit 1\nfi\n";
			showEnvVarsInLog = 0;
		};
		E8B5839438AF73972103EED8 /* [CP] Embed Pods Frameworks */ = {
			isa = PBXShellScriptBuildPhase;
			buildActionMask = 2147483647;
			files = (
			);
			inputPaths = (
			);
			name = "[CP] Embed Pods Frameworks";
			outputPaths = (
			);
			runOnlyForDeploymentPostprocessing = 0;
			shellPath = /bin/sh;
			shellScript = "\"${SRCROOT}/Pods/Target Support Files/Pods-Socially/Pods-Socially-frameworks.sh\"\n";
			showEnvVarsInLog = 0;
		};
/* End PBXShellScriptBuildPhase section */

/* Begin PBXSourcesBuildPhase section */
		E7030B4B1E43FD7E009FF727 /* Sources */ = {
			isa = PBXSourcesBuildPhase;
			buildActionMask = 2147483647;
			files = (
				E7A266D61E4CF1E4009DB5C2 /* SigninButton.swift in Sources */,
				E7A266CD1E4CEC09009DB5C2 /* StyleView.swift in Sources */,
				E7A266D21E4CEEB4009DB5C2 /* StyleButton.swift in Sources */,
				E7030B551E43FD7E009FF727 /* SignInVC.swift in Sources */,
				E7030B531E43FD7E009FF727 /* AppDelegate.swift in Sources */,
				E7A266D01E4CECEB009DB5C2 /* Constants.swift in Sources */,
			);
			runOnlyForDeploymentPostprocessing = 0;
		};
/* End PBXSourcesBuildPhase section */

/* Begin PBXVariantGroup section */
		E7030B561E43FD7E009FF727 /* Main.storyboard */ = {
			isa = PBXVariantGroup;
			children = (
				E7030B571E43FD7E009FF727 /* Base */,
			);
			name = Main.storyboard;
			sourceTree = "<group>";
		};
		E7030B5B1E43FD7E009FF727 /* LaunchScreen.storyboard */ = {
			isa = PBXVariantGroup;
			children = (
				E7030B5C1E43FD7E009FF727 /* Base */,
			);
			name = LaunchScreen.storyboard;
			sourceTree = "<group>";
		};
/* End PBXVariantGroup section */

/* Begin XCBuildConfiguration section */
		E7030B5F1E43FD7E009FF727 /* Debug */ = {
			isa = XCBuildConfiguration;
			buildSettings = {
				ALWAYS_SEARCH_USER_PATHS = NO;
				CLANG_ANALYZER_NONNULL = YES;
				CLANG_CXX_LANGUAGE_STANDARD = "gnu++0x";
				CLANG_CXX_LIBRARY = "libc++";
				CLANG_ENABLE_MODULES = YES;
				CLANG_ENABLE_OBJC_ARC = YES;
				CLANG_WARN_BOOL_CONVERSION = YES;
				CLANG_WARN_CONSTANT_CONVERSION = YES;
				CLANG_WARN_DIRECT_OBJC_ISA_USAGE = YES_ERROR;
				CLANG_WARN_DOCUMENTATION_COMMENTS = YES;
				CLANG_WARN_EMPTY_BODY = YES;
				CLANG_WARN_ENUM_CONVERSION = YES;
				CLANG_WARN_INFINITE_RECURSION = YES;
				CLANG_WARN_INT_CONVERSION = YES;
				CLANG_WARN_OBJC_ROOT_CLASS = YES_ERROR;
				CLANG_WARN_SUSPICIOUS_MOVES = YES;
				CLANG_WARN_UNREACHABLE_CODE = YES;
				CLANG_WARN__DUPLICATE_METHOD_MATCH = YES;
				"CODE_SIGN_IDENTITY[sdk=iphoneos*]" = "iPhone Developer";
				COPY_PHASE_STRIP = NO;
				DEBUG_INFORMATION_FORMAT = dwarf;
				ENABLE_STRICT_OBJC_MSGSEND = YES;
				ENABLE_TESTABILITY = YES;
				GCC_C_LANGUAGE_STANDARD = gnu99;
				GCC_DYNAMIC_NO_PIC = NO;
				GCC_NO_COMMON_BLOCKS = YES;
				GCC_OPTIMIZATION_LEVEL = 0;
				GCC_PREPROCESSOR_DEFINITIONS = (
					"DEBUG=1",
					"$(inherited)",
				);
				GCC_WARN_64_TO_32_BIT_CONVERSION = YES;
				GCC_WARN_ABOUT_RETURN_TYPE = YES_ERROR;
				GCC_WARN_UNDECLARED_SELECTOR = YES;
				GCC_WARN_UNINITIALIZED_AUTOS = YES_AGGRESSIVE;
				GCC_WARN_UNUSED_FUNCTION = YES;
				GCC_WARN_UNUSED_VARIABLE = YES;
				IPHONEOS_DEPLOYMENT_TARGET = 10.0;
				MTL_ENABLE_DEBUG_INFO = YES;
				ONLY_ACTIVE_ARCH = YES;
				SDKROOT = iphoneos;
				SWIFT_ACTIVE_COMPILATION_CONDITIONS = DEBUG;
				SWIFT_OPTIMIZATION_LEVEL = "-Onone";
				TARGETED_DEVICE_FAMILY = "1,2";
			};
			name = Debug;
		};
		E7030B601E43FD7E009FF727 /* Release */ = {
			isa = XCBuildConfiguration;
			buildSettings = {
				ALWAYS_SEARCH_USER_PATHS = NO;
				CLANG_ANALYZER_NONNULL = YES;
				CLANG_CXX_LANGUAGE_STANDARD = "gnu++0x";
				CLANG_CXX_LIBRARY = "libc++";
				CLANG_ENABLE_MODULES = YES;
				CLANG_ENABLE_OBJC_ARC = YES;
				CLANG_WARN_BOOL_CONVERSION = YES;
				CLANG_WARN_CONSTANT_CONVERSION = YES;
				CLANG_WARN_DIRECT_OBJC_ISA_USAGE = YES_ERROR;
				CLANG_WARN_DOCUMENTATION_COMMENTS = YES;
				CLANG_WARN_EMPTY_BODY = YES;
				CLANG_WARN_ENUM_CONVERSION = YES;
				CLANG_WARN_INFINITE_RECURSION = YES;
				CLANG_WARN_INT_CONVERSION = YES;
				CLANG_WARN_OBJC_ROOT_CLASS = YES_ERROR;
				CLANG_WARN_SUSPICIOUS_MOVES = YES;
				CLANG_WARN_UNREACHABLE_CODE = YES;
				CLANG_WARN__DUPLICATE_METHOD_MATCH = YES;
				"CODE_SIGN_IDENTITY[sdk=iphoneos*]" = "iPhone Developer";
				COPY_PHASE_STRIP = NO;
				DEBUG_INFORMATION_FORMAT = "dwarf-with-dsym";
				ENABLE_NS_ASSERTIONS = NO;
				ENABLE_STRICT_OBJC_MSGSEND = YES;
				GCC_C_LANGUAGE_STANDARD = gnu99;
				GCC_NO_COMMON_BLOCKS = YES;
				GCC_WARN_64_TO_32_BIT_CONVERSION = YES;
				GCC_WARN_ABOUT_RETURN_TYPE = YES_ERROR;
				GCC_WARN_UNDECLARED_SELECTOR = YES;
				GCC_WARN_UNINITIALIZED_AUTOS = YES_AGGRESSIVE;
				GCC_WARN_UNUSED_FUNCTION = YES;
				GCC_WARN_UNUSED_VARIABLE = YES;
				IPHONEOS_DEPLOYMENT_TARGET = 10.0;
				MTL_ENABLE_DEBUG_INFO = NO;
				SDKROOT = iphoneos;
				SWIFT_OPTIMIZATION_LEVEL = "-Owholemodule";
				TARGETED_DEVICE_FAMILY = "1,2";
				VALIDATE_PRODUCT = YES;
			};
			name = Release;
		};
		E7030B621E43FD7E009FF727 /* Debug */ = {
			isa = XCBuildConfiguration;
			baseConfigurationReference = C1553E12C8D473E2632443AB /* Pods-Socially.debug.xcconfig */;
			buildSettings = {
				ASSETCATALOG_COMPILER_APPICON_NAME = AppIcon;
				INFOPLIST_FILE = Socially/Info.plist;
				LD_RUNPATH_SEARCH_PATHS = "$(inherited) @executable_path/Frameworks";
				PRODUCT_BUNDLE_IDENTIFIER = com.SlyTech.Socially;
				PRODUCT_NAME = "$(TARGET_NAME)";
				SWIFT_VERSION = 3.0;
				TARGETED_DEVICE_FAMILY = 1;
			};
			name = Debug;
		};
		E7030B631E43FD7E009FF727 /* Release */ = {
			isa = XCBuildConfiguration;
			baseConfigurationReference = 368EFF2F70B73B6F25854472 /* Pods-Socially.release.xcconfig */;
			buildSettings = {
				ASSETCATALOG_COMPILER_APPICON_NAME = AppIcon;
				INFOPLIST_FILE = Socially/Info.plist;
				LD_RUNPATH_SEARCH_PATHS = "$(inherited) @executable_path/Frameworks";
				PRODUCT_BUNDLE_IDENTIFIER = com.SlyTech.Socially;
				PRODUCT_NAME = "$(TARGET_NAME)";
				SWIFT_VERSION = 3.0;
				TARGETED_DEVICE_FAMILY = 1;
			};
			name = Release;
		};
/* End XCBuildConfiguration section */

/* Begin XCConfigurationList section */
		E7030B4A1E43FD7E009FF727 /* Build configuration list for PBXProject "Socially" */ = {
			isa = XCConfigurationList;
			buildConfigurations = (
				E7030B5F1E43FD7E009FF727 /* Debug */,
				E7030B601E43FD7E009FF727 /* Release */,
			);
			defaultConfigurationIsVisible = 0;
			defaultConfigurationName = Release;
		};
		E7030B611E43FD7E009FF727 /* Build configuration list for PBXNativeTarget "Socially" */ = {
			isa = XCConfigurationList;
			buildConfigurations = (
				E7030B621E43FD7E009FF727 /* Debug */,
				E7030B631E43FD7E009FF727 /* Release */,
			);
			defaultConfigurationIsVisible = 0;
			defaultConfigurationName = Release;
		};
/* End XCConfigurationList section */
	};
	rootObject = E7030B471E43FD7E009FF727 /* Project object */;
}
